{
  "name": "jerem-shell",
  "lockfileVersion": 3,
  "requires": true,
  "packages": {
    "": {
      "dependencies": {
        "gnim": "^1.8.2"
      }
    },
    "../../../../usr/share/ags/js": {
      "name": "ags",
      "version": "3.0.0",
      "extraneous": true,
      "license": "LGPL-2.1",
      "os": [
        "linux"
      ],
      "devDependencies": {
        "@eslint/js": "latest",
        "eslint": "latest",
        "typescript": "latest",
        "typescript-eslint": "latest"
      },
      "engines": {
        "gjs": ">=1.79.0"
      },
      "funding": {
        "type": "kofi",
        "url": "https://ko-fi.com/aylur"
      },
      "peerDependencies": {
        "gnim": "^1.8.2"
      }
    },
    "node_modules/gnim": {
      "version": "1.8.2",
      "resolved": "https://registry.npmjs.org/gnim/-/gnim-1.8.2.tgz",
      "integrity": "sha512-VwvTLclraJPAhS//SzdlWNOdaA7xKqC7KkJpIq5jq9DKDTXPis5SCrExFxrcjtcujK+I2l4drNvoXp6s1G78NA==",
      "license": "MIT",
      "engines": {
        "gjs": ">=1.79.0"
      },
      "funding": {
        "type": "kofi",
        "url": "https://ko-fi.com/aylur"
      }
    }
  }
}
